
Microsoft Visual Studio Solution File, Format Version 12.00
# Visual Studio Version 17
VisualStudioVersion = 17.10.35122.118
MinimumVisualStudioVersion = 10.0.40219.1
Project("{9A19103F-16F7-4668-BE54-9A1E7A4F7556}") = "AgendaContatoApi", "AgendaContatoApi.csproj", "{CE1605D0-9B07-48E9-A43D-8E8FD603BA54}"
EndProject
Project("{2150E333-8FDC-42A3-9474-1A3956D46DE8}") = "src", "src", "{562CDDCF-1D88-4F4E-9921-E67B022174EC}"
EndProject
Project("{9A19103F-16F7-4668-BE54-9A1E7A4F7556}") = "AgendaContatoApi.Data", "..\src\AgendaContatoApi.Data\AgendaContatoApi.Data.csproj", "{85A12441-38DD-41C2-B40E-9FF7AA12F614}"
EndProject
Project("{9A19103F-16F7-4668-BE54-9A1E7A4F7556}") = "AgendaContatoApi.Model", "..\src\AgendaContatoApi.Model\AgendaContatoApi.Model.csproj", "{F24A3048-0DA3-4D8B-9086-E0D74A58E5A1}"
EndProject
Project("{9A19103F-16F7-4668-BE54-9A1E7A4F7556}") = "AgendaContatoApi.Ferramentas", "..\src\AgendaContatoApi.Ferramentas\AgendaContatoApi.Ferramentas.csproj", "{AB3DB19F-F191-4201-8B18-5A8A96FB99A8}"
EndProject
Project("{9A19103F-16F7-4668-BE54-9A1E7A4F7556}") = "AgendaContatoApi.Services", "..\src\AgendaContatoApi.Services\AgendaContatoApi.Services.csproj", "{6EF2E450-97C3-4146-8011-3C7A4E42D661}"
EndProject
Project("{9A19103F-16F7-4668-BE54-9A1E7A4F7556}") = "AgendaContatoApi.Repository", "..\src\AgendaContatoApi.Repository\AgendaContatoApi.Repository.csproj", "{A4589097-0CAE-4FA5-BE39-2A439388C02A}"
EndProject
Project("{9A19103F-16F7-4668-BE54-9A1E7A4F7556}") = "AgendaContatoApi.Interface", "..\src\AgendaContatoApi.Interface\AgendaContatoApi.Interface.csproj", "{8573DF13-D2DC-4276-AA48-17892AB36AFB}"
EndProject
Project("{9A19103F-16F7-4668-BE54-9A1E7A4F7556}") = "AgendaContatoApi.DTO", "..\src\AgendaContatoApi.DTO\AgendaContatoApi.DTO.csproj", "{EB821092-6A84-4790-A5AE-F2DAE58D92C1}"
EndProject
Project("{FAE04EC0-301F-11D3-BF4B-00C04F79EFBC}") = "AgendaContatoApi.Global", "..\src\AgendaContatoApi.Global\AgendaContatoApi.Global.csproj", "{9CC04A75-EC7A-40E3-8647-112A317B6303}"
EndProject
Project("{FAE04EC0-301F-11D3-BF4B-00C04F79EFBC}") = "AgendaContatoApi.Enumeradores", "..\src\AgendaContatoApi.Enumeradores\AgendaContatoApi.Enumeradores.csproj", "{C513C332-BC72-47F7-8E4B-672937C5556E}"
EndProject
Global
	GlobalSection(SolutionConfigurationPlatforms) = preSolution
		Debug|Any CPU = Debug|Any CPU
		Release|Any CPU = Release|Any CPU
	EndGlobalSection
	GlobalSection(ProjectConfigurationPlatforms) = postSolution
		{CE1605D0-9B07-48E9-A43D-8E8FD603BA54}.Debug|Any CPU.ActiveCfg = Debug|Any CPU
		{CE1605D0-9B07-48E9-A43D-8E8FD603BA54}.Debug|Any CPU.Build.0 = Debug|Any CPU
		{CE1605D0-9B07-48E9-A43D-8E8FD603BA54}.Release|Any CPU.ActiveCfg = Release|Any CPU
		{CE1605D0-9B07-48E9-A43D-8E8FD603BA54}.Release|Any CPU.Build.0 = Release|Any CPU
		{85A12441-38DD-41C2-B40E-9FF7AA12F614}.Debug|Any CPU.ActiveCfg = Debug|Any CPU
		{85A12441-38DD-41C2-B40E-9FF7AA12F614}.Debug|Any CPU.Build.0 = Debug|Any CPU
		{85A12441-38DD-41C2-B40E-9FF7AA12F614}.Release|Any CPU.ActiveCfg = Release|Any CPU
		{85A12441-38DD-41C2-B40E-9FF7AA12F614}.Release|Any CPU.Build.0 = Release|Any CPU
		{F24A3048-0DA3-4D8B-9086-E0D74A58E5A1}.Debug|Any CPU.ActiveCfg = Debug|Any CPU
		{F24A3048-0DA3-4D8B-9086-E0D74A58E5A1}.Debug|Any CPU.Build.0 = Debug|Any CPU
		{F24A3048-0DA3-4D8B-9086-E0D74A58E5A1}.Release|Any CPU.ActiveCfg = Release|Any CPU
		{F24A3048-0DA3-4D8B-9086-E0D74A58E5A1}.Release|Any CPU.Build.0 = Release|Any CPU
		{AB3DB19F-F191-4201-8B18-5A8A96FB99A8}.Debug|Any CPU.ActiveCfg = Debug|Any CPU
		{AB3DB19F-F191-4201-8B18-5A8A96FB99A8}.Debug|Any CPU.Build.0 = Debug|Any CPU
		{AB3DB19F-F191-4201-8B18-5A8A96FB99A8}.Release|Any CPU.ActiveCfg = Release|Any CPU
		{AB3DB19F-F191-4201-8B18-5A8A96FB99A8}.Release|Any CPU.Build.0 = Release|Any CPU
		{6EF2E450-97C3-4146-8011-3C7A4E42D661}.Debug|Any CPU.ActiveCfg = Debug|Any CPU
		{6EF2E450-97C3-4146-8011-3C7A4E42D661}.Debug|Any CPU.Build.0 = Debug|Any CPU
		{6EF2E450-97C3-4146-8011-3C7A4E42D661}.Release|Any CPU.ActiveCfg = Release|Any CPU
		{6EF2E450-97C3-4146-8011-3C7A4E42D661}.Release|Any CPU.Build.0 = Release|Any CPU
		{A4589097-0CAE-4FA5-BE39-2A439388C02A}.Debug|Any CPU.ActiveCfg = Debug|Any CPU
		{A4589097-0CAE-4FA5-BE39-2A439388C02A}.Debug|Any CPU.Build.0 = Debug|Any CPU
		{A4589097-0CAE-4FA5-BE39-2A439388C02A}.Release|Any CPU.ActiveCfg = Release|Any CPU
		{A4589097-0CAE-4FA5-BE39-2A439388C02A}.Release|Any CPU.Build.0 = Release|Any CPU
		{8573DF13-D2DC-4276-AA48-17892AB36AFB}.Debug|Any CPU.ActiveCfg = Debug|Any CPU
		{8573DF13-D2DC-4276-AA48-17892AB36AFB}.Debug|Any CPU.Build.0 = Debug|Any CPU
		{8573DF13-D2DC-4276-AA48-17892AB36AFB}.Release|Any CPU.ActiveCfg = Release|Any CPU
		{8573DF13-D2DC-4276-AA48-17892AB36AFB}.Release|Any CPU.Build.0 = Release|Any CPU
		{EB821092-6A84-4790-A5AE-F2DAE58D92C1}.Debug|Any CPU.ActiveCfg = Debug|Any CPU
		{EB821092-6A84-4790-A5AE-F2DAE58D92C1}.Debug|Any CPU.Build.0 = Debug|Any CPU
		{EB821092-6A84-4790-A5AE-F2DAE58D92C1}.Release|Any CPU.ActiveCfg = Release|Any CPU
		{EB821092-6A84-4790-A5AE-F2DAE58D92C1}.Release|Any CPU.Build.0 = Release|Any CPU
		{9CC04A75-EC7A-40E3-8647-112A317B6303}.Debug|Any CPU.ActiveCfg = Debug|Any CPU
		{9CC04A75-EC7A-40E3-8647-112A317B6303}.Debug|Any CPU.Build.0 = Debug|Any CPU
		{9CC04A75-EC7A-40E3-8647-112A317B6303}.Release|Any CPU.ActiveCfg = Release|Any CPU
		{9CC04A75-EC7A-40E3-8647-112A317B6303}.Release|Any CPU.Build.0 = Release|Any CPU
		{C513C332-BC72-47F7-8E4B-672937C5556E}.Debug|Any CPU.ActiveCfg = Debug|Any CPU
		{C513C332-BC72-47F7-8E4B-672937C5556E}.Debug|Any CPU.Build.0 = Debug|Any CPU
		{C513C332-BC72-47F7-8E4B-672937C5556E}.Release|Any CPU.ActiveCfg = Release|Any CPU
		{C513C332-BC72-47F7-8E4B-672937C5556E}.Release|Any CPU.Build.0 = Release|Any CPU
	EndGlobalSection
	GlobalSection(SolutionProperties) = preSolution
		HideSolutionNode = FALSE
	EndGlobalSection
	GlobalSection(NestedProjects) = preSolution
		{85A12441-38DD-41C2-B40E-9FF7AA12F614} = {562CDDCF-1D88-4F4E-9921-E67B022174EC}
		{F24A3048-0DA3-4D8B-9086-E0D74A58E5A1} = {562CDDCF-1D88-4F4E-9921-E67B022174EC}
		{AB3DB19F-F191-4201-8B18-5A8A96FB99A8} = {562CDDCF-1D88-4F4E-9921-E67B022174EC}
		{6EF2E450-97C3-4146-8011-3C7A4E42D661} = {562CDDCF-1D88-4F4E-9921-E67B022174EC}
		{A4589097-0CAE-4FA5-BE39-2A439388C02A} = {562CDDCF-1D88-4F4E-9921-E67B022174EC}
		{8573DF13-D2DC-4276-AA48-17892AB36AFB} = {562CDDCF-1D88-4F4E-9921-E67B022174EC}
		{EB821092-6A84-4790-A5AE-F2DAE58D92C1} = {562CDDCF-1D88-4F4E-9921-E67B022174EC}
		{9CC04A75-EC7A-40E3-8647-112A317B6303} = {562CDDCF-1D88-4F4E-9921-E67B022174EC}
		{C513C332-BC72-47F7-8E4B-672937C5556E} = {562CDDCF-1D88-4F4E-9921-E67B022174EC}
	EndGlobalSection
	GlobalSection(ExtensibilityGlobals) = postSolution
		SolutionGuid = {AADBD673-16F5-450A-A579-713C9A34F0A4}
	EndGlobalSection
EndGlobal
